// !$*UTF8*$!
{
	archiveVersion = 1;
	classes = {
	};
	objectVersion = 77;
	objects = {

/* Begin PBXBuildFile section */
		040AD09A2E1F7F6900C6EBC9 /* HomeSectionHeaderView.swift in Sources */ = {isa = PBXBuildFile; fileRef = 040AD0992E1F7F6900C6EBC9 /* HomeSectionHeaderView.swift */; };
		040AD09D2E1F879000C6EBC9 /* Movie.swift in Sources */ = {isa = PBXBuildFile; fileRef = 040AD09C2E1F879000C6EBC9 /* Movie.swift */; };
		040AD09F2E1F892A00C6EBC9 /* SearchMedia.swift in Sources */ = {isa = PBXBuildFile; fileRef = 040AD09E2E1F892A00C6EBC9 /* SearchMedia.swift */; };
		0410D7932E4F2CBD009D38EE /* ImageProvider.swift in Sources */ = {isa = PBXBuildFile; fileRef = 0410D7922E4F2CBD009D38EE /* ImageProvider.swift */; };
		041366632E0136CB0026514E /* HomeTVCollectionViewCellReactorTests.swift in Sources */ = {isa = PBXBuildFile; fileRef = 041366612E0136CB0026514E /* HomeTVCollectionViewCellReactorTests.swift */; };
		041366652E0138D40026514E /* ReactorKit in Frameworks */ = {isa = PBXBuildFile; productRef = 041366642E0138D40026514E /* ReactorKit */; };
		041366672E0138D40026514E /* RxBlocking in Frameworks */ = {isa = PBXBuildFile; productRef = 041366662E0138D40026514E /* RxBlocking */; };
		041366692E0138D40026514E /* RxSwift in Frameworks */ = {isa = PBXBuildFile; productRef = 041366682E0138D40026514E /* RxSwift */; };
		0413666B2E0139250026514E /* RxTest in Frameworks */ = {isa = PBXBuildFile; productRef = 0413666A2E0139250026514E /* RxTest */; };
		0413666D2E0139920026514E /* RxCocoa in Frameworks */ = {isa = PBXBuildFile; productRef = 0413666C2E0139920026514E /* RxCocoa */; };
		042EFE642E14040500810E02 /* SearchMediaViewController.swift in Sources */ = {isa = PBXBuildFile; fileRef = 042EFE632E14040500810E02 /* SearchMediaViewController.swift */; };
		043BB0432DFC4D8800E5438D /* TV.swift in Sources */ = {isa = PBXBuildFile; fileRef = 043BB0422DFC4D8800E5438D /* TV.swift */; };
		043BB0452DFC4DA700E5438D /* TMDBTarget.swift in Sources */ = {isa = PBXBuildFile; fileRef = 043BB0442DFC4DA700E5438D /* TMDBTarget.swift */; };
		043BB0472DFC4DDA00E5438D /* NetworkManager.swift in Sources */ = {isa = PBXBuildFile; fileRef = 043BB0462DFC4DDA00E5438D /* NetworkManager.swift */; };
		043BB0492DFC4EA800E5438D /* HomeViewController.swift in Sources */ = {isa = PBXBuildFile; fileRef = 043BB0482DFC4EA800E5438D /* HomeViewController.swift */; };
		043BB04D2DFC4F2A00E5438D /* HomeReactor.swift in Sources */ = {isa = PBXBuildFile; fileRef = 043BB04C2DFC4F2A00E5438D /* HomeReactor.swift */; };
		043BB0502DFD5EE000E5438D /* RxBlocking in Frameworks */ = {isa = PBXBuildFile; productRef = 043BB04F2DFD5EE000E5438D /* RxBlocking */; };
		043BB0522DFD5EE000E5438D /* RxCocoa in Frameworks */ = {isa = PBXBuildFile; productRef = 043BB0512DFD5EE000E5438D /* RxCocoa */; };
		043BB0542DFD5EE000E5438D /* RxSwift in Frameworks */ = {isa = PBXBuildFile; productRef = 043BB0532DFD5EE000E5438D /* RxSwift */; };
		044952592E08169D00D75C4A /* Differentiator in Frameworks */ = {isa = PBXBuildFile; productRef = 044952582E08169D00D75C4A /* Differentiator */; };
		0449525B2E08169D00D75C4A /* RxDataSources in Frameworks */ = {isa = PBXBuildFile; productRef = 0449525A2E08169D00D75C4A /* RxDataSources */; };
		044952642E081A4A00D75C4A /* HomeSectionModel.swift in Sources */ = {isa = PBXBuildFile; fileRef = 044952632E081A4A00D75C4A /* HomeSectionModel.swift */; };
		044952742E08257600D75C4A /* HomeReactorLoadDataUnitTest.swift in Sources */ = {isa = PBXBuildFile; fileRef = 044952722E08257600D75C4A /* HomeReactorLoadDataUnitTest.swift */; };
		044952762E082A1500D75C4A /* ReactorKit in Frameworks */ = {isa = PBXBuildFile; productRef = 044952752E082A1500D75C4A /* ReactorKit */; };
		044952782E082A1500D75C4A /* RxBlocking in Frameworks */ = {isa = PBXBuildFile; productRef = 044952772E082A1500D75C4A /* RxBlocking */; };
		0449527A2E082A1500D75C4A /* RxCocoa in Frameworks */ = {isa = PBXBuildFile; productRef = 044952792E082A1500D75C4A /* RxCocoa */; };
		0449527E2E082A1500D75C4A /* RxSwift in Frameworks */ = {isa = PBXBuildFile; productRef = 0449527D2E082A1500D75C4A /* RxSwift */; };
		044952802E082A1500D75C4A /* RxTest in Frameworks */ = {isa = PBXBuildFile; productRef = 0449527F2E082A1500D75C4A /* RxTest */; };
		0461E4D52E1A900C00EDB5D6 /* SearchMediaReactor.swift in Sources */ = {isa = PBXBuildFile; fileRef = 0461E4D42E1A900B00EDB5D6 /* SearchMediaReactor.swift */; };
		046E7A2E2E56E6AE00FAF58A /* ReviewEntity+CoreDataClass.swift in Sources */ = {isa = PBXBuildFile; fileRef = 046E7A2C2E56E6AE00FAF58A /* ReviewEntity+CoreDataClass.swift */; };
		046E7A2F2E56E6AE00FAF58A /* ReviewEntity+CoreDataProperties.swift in Sources */ = {isa = PBXBuildFile; fileRef = 046E7A2D2E56E6AE00FAF58A /* ReviewEntity+CoreDataProperties.swift */; };
		046E7A352E574D1000FAF58A /* CreditsCollectionVIewCell.swift in Sources */ = {isa = PBXBuildFile; fileRef = 046E7A342E574D1000FAF58A /* CreditsCollectionVIewCell.swift */; };
		046E7A372E574D2B00FAF58A /* CreditsCollectionViewCellReactor.swift in Sources */ = {isa = PBXBuildFile; fileRef = 046E7A362E574D2B00FAF58A /* CreditsCollectionViewCellReactor.swift */; };
		046EFB482E56E0A200E2736B /* RoomReviewerEntity.xcdatamodeld in Sources */ = {isa = PBXBuildFile; fileRef = 046EFB462E56E0A200E2736B /* RoomReviewerEntity.xcdatamodeld */; };
		046EFB552E56E5E200E2736B /* MediaEntity+CoreDataClass.swift in Sources */ = {isa = PBXBuildFile; fileRef = 046EFB532E56E5E200E2736B /* MediaEntity+CoreDataClass.swift */; };
		046EFB562E56E5E200E2736B /* MediaEntity+CoreDataProperties.swift in Sources */ = {isa = PBXBuildFile; fileRef = 046EFB542E56E5E200E2736B /* MediaEntity+CoreDataProperties.swift */; };
		0478296C2DFFFA3F008CBE67 /* HomeMediaCollectionViewCellReactor.swift in Sources */ = {isa = PBXBuildFile; fileRef = 0478296B2DFFFA3F008CBE67 /* HomeMediaCollectionViewCellReactor.swift */; };
		04A722DD2E549F3600797731 /* CustomAlertViewController.swift in Sources */ = {isa = PBXBuildFile; fileRef = 04A722DC2E549F3600797731 /* CustomAlertViewController.swift */; };
		04A722DF2E54A1A200797731 /* CommonButton.swift in Sources */ = {isa = PBXBuildFile; fileRef = 04A722DE2E54A1A200797731 /* CommonButton.swift */; };
		04B379062E51C50200C2F3EA /* CoreDataManager.swift in Sources */ = {isa = PBXBuildFile; fileRef = 04B379052E51C50200C2F3EA /* CoreDataManager.swift */; };
		04B3790A2E51D74E00C2F3EA /* CoreDataStack.swift in Sources */ = {isa = PBXBuildFile; fileRef = 04B379092E51D74E00C2F3EA /* CoreDataStack.swift */; };
		04B379452E51EB0000C2F3EA /* ReactorKit in Frameworks */ = {isa = PBXBuildFile; productRef = 04B379442E51EB0000C2F3EA /* ReactorKit */; };
		04B379472E51EB0000C2F3EA /* RxBlocking in Frameworks */ = {isa = PBXBuildFile; productRef = 04B379462E51EB0000C2F3EA /* RxBlocking */; };
		04B379492E51EB0000C2F3EA /* RxCocoa in Frameworks */ = {isa = PBXBuildFile; productRef = 04B379482E51EB0000C2F3EA /* RxCocoa */; };
		04B3794D2E51EB0000C2F3EA /* RxSwift in Frameworks */ = {isa = PBXBuildFile; productRef = 04B3794C2E51EB0000C2F3EA /* RxSwift */; };
		04B9CBC02DFEAA8A00E84E78 /* HomeMediaCollectionViewCell.swift in Sources */ = {isa = PBXBuildFile; fileRef = 04B9CBBF2DFEAA8A00E84E78 /* HomeMediaCollectionViewCell.swift */; };
		04C97AB12E224717001EB1D4 /* Media.swift in Sources */ = {isa = PBXBuildFile; fileRef = 04C97AB02E224717001EB1D4 /* Media.swift */; };
		04C97AB42E2286C3001EB1D4 /* SearchMediaCollectionViewCell.swift in Sources */ = {isa = PBXBuildFile; fileRef = 04C97AB32E2286C3001EB1D4 /* SearchMediaCollectionViewCell.swift */; };
		04C97ABA2E236D29001EB1D4 /* SearchMediaCollectionViewCellReactor.swift in Sources */ = {isa = PBXBuildFile; fileRef = 04C97AB92E236D29001EB1D4 /* SearchMediaCollectionViewCellReactor.swift */; };
		04C97ABE2E23784C001EB1D4 /* MediaDetailViewController.swift in Sources */ = {isa = PBXBuildFile; fileRef = 04C97ABD2E23784C001EB1D4 /* MediaDetailViewController.swift */; };
		04C97ADC2E23B595001EB1D4 /* MediaDetailReactor.swift in Sources */ = {isa = PBXBuildFile; fileRef = 04C97ADB2E23B595001EB1D4 /* MediaDetailReactor.swift */; };
		04DCA88E2DF2D78500695361 /* SnapKit in Frameworks */ = {isa = PBXBuildFile; productRef = 04DCA88D2DF2D78500695361 /* SnapKit */; };
		04DCA8912DF2D78A00695361 /* ReactorKit in Frameworks */ = {isa = PBXBuildFile; productRef = 04DCA8902DF2D78A00695361 /* ReactorKit */; };
		04DCA8942DF2D78F00695361 /* Then in Frameworks */ = {isa = PBXBuildFile; productRef = 04DCA8932DF2D78F00695361 /* Then */; };
		04DCA8A02DF2DB7100695361 /* NetworkError.swift in Sources */ = {isa = PBXBuildFile; fileRef = 04DCA89F2DF2DB7100695361 /* NetworkError.swift */; };
		04DCA8A22DF2DBD100695361 /* Configuration.swift in Sources */ = {isa = PBXBuildFile; fileRef = 04DCA8A12DF2DBD100695361 /* Configuration.swift */; };
		04DCA8A52DF2DBFC00695361 /* TargetType.swift in Sources */ = {isa = PBXBuildFile; fileRef = 04DCA8A42DF2DBFC00695361 /* TargetType.swift */; };
		04EE311B2E59AA32009CA1BC /* RxCocoa in Frameworks */ = {isa = PBXBuildFile; productRef = 04EE311A2E59AA32009CA1BC /* RxCocoa */; };
		04EE311F2E59AA32009CA1BC /* RxSwift in Frameworks */ = {isa = PBXBuildFile; productRef = 04EE311E2E59AA32009CA1BC /* RxSwift */; };
		04EE7EC02E52EE160006ECD5 /* CoreDataManagerUnitTests.swift in Sources */ = {isa = PBXBuildFile; fileRef = 04EE7EBE2E52EE160006ECD5 /* CoreDataManagerUnitTests.swift */; };
		04FE6C812E585F6C00CCB76C /* MovieCredits.swift in Sources */ = {isa = PBXBuildFile; fileRef = 04FE6C802E585F6C00CCB76C /* MovieCredits.swift */; };
		04FE6C832E585F7200CCB76C /* TVCredits.swift in Sources */ = {isa = PBXBuildFile; fileRef = 04FE6C822E585F7200CCB76C /* TVCredits.swift */; };
		04FE6C952E599C3A00CCB76C /* MovieDetail.swift in Sources */ = {isa = PBXBuildFile; fileRef = 04FE6C942E599C3A00CCB76C /* MovieDetail.swift */; };
		04FE6C972E599C4100CCB76C /* TVDetail.swift in Sources */ = {isa = PBXBuildFile; fileRef = 04FE6C962E599C4100CCB76C /* TVDetail.swift */; };
		04FE6C9C2E599E3000CCB76C /* MediaDetail.swift in Sources */ = {isa = PBXBuildFile; fileRef = 04FE6C9B2E599E3000CCB76C /* MediaDetail.swift */; };
		04FE6C9F2E599F7800CCB76C /* CrewResponse.swift in Sources */ = {isa = PBXBuildFile; fileRef = 04FE6C9E2E599F7800CCB76C /* CrewResponse.swift */; };
		04FE6CA02E599F7800CCB76C /* CastResponse.swift in Sources */ = {isa = PBXBuildFile; fileRef = 04FE6C9D2E599F7800CCB76C /* CastResponse.swift */; };
		04FE6CB02E59A6DB00CCB76C /* NetworkTransformMediaDetailTests.swift in Sources */ = {isa = PBXBuildFile; fileRef = 04FE6CAE2E59A6DB00CCB76C /* NetworkTransformMediaDetailTests.swift */; };
		04FFC7CC2DF16A840081AF7C /* Assets.xcassets in Resources */ = {isa = PBXBuildFile; fileRef = 04FFC7C32DF16A840081AF7C /* Assets.xcassets */; };
		04FFC7CE2DF16A840081AF7C /* LaunchScreen.storyboard in Resources */ = {isa = PBXBuildFile; fileRef = 04FFC7C62DF16A840081AF7C /* LaunchScreen.storyboard */; };
		04FFC7D02DF16A840081AF7C /* AppDelegate.swift in Sources */ = {isa = PBXBuildFile; fileRef = 04FFC7C22DF16A840081AF7C /* AppDelegate.swift */; };
		04FFC7D12DF16A840081AF7C /* SceneDelegate.swift in Sources */ = {isa = PBXBuildFile; fileRef = 04FFC7C92DF16A840081AF7C /* SceneDelegate.swift */; };
/* End PBXBuildFile section */

/* Begin PBXContainerItemProxy section */
		0413665C2E0136C60026514E /* PBXContainerItemProxy */ = {
			isa = PBXContainerItemProxy;
			containerPortal = 04FFC7A22DF169D60081AF7C /* Project object */;
			proxyType = 1;
			remoteGlobalIDString = 04FFC7A92DF169D60081AF7C;
			remoteInfo = RoomReviewer;
		};
		0449526D2E08257000D75C4A /* PBXContainerItemProxy */ = {
			isa = PBXContainerItemProxy;
			containerPortal = 04FFC7A22DF169D60081AF7C /* Project object */;
			proxyType = 1;
			remoteGlobalIDString = 04FFC7A92DF169D60081AF7C;
			remoteInfo = RoomReviewer;
		};
		04B379332E51EA3E00C2F3EA /* PBXContainerItemProxy */ = {
			isa = PBXContainerItemProxy;
			containerPortal = 04FFC7A22DF169D60081AF7C /* Project object */;
			proxyType = 1;
			remoteGlobalIDString = 04FFC7A92DF169D60081AF7C;
			remoteInfo = RoomReviewer;
		};
		04FE6CA92E59A6D600CCB76C /* PBXContainerItemProxy */ = {
			isa = PBXContainerItemProxy;
			containerPortal = 04FFC7A22DF169D60081AF7C /* Project object */;
			proxyType = 1;
			remoteGlobalIDString = 04FFC7A92DF169D60081AF7C;
			remoteInfo = RoomReviewer;
		};
/* End PBXContainerItemProxy section */

/* Begin PBXFileReference section */
		040AD0992E1F7F6900C6EBC9 /* HomeSectionHeaderView.swift */ = {isa = PBXFileReference; lastKnownFileType = sourcecode.swift; path = HomeSectionHeaderView.swift; sourceTree = "<group>"; };
		040AD09C2E1F879000C6EBC9 /* Movie.swift */ = {isa = PBXFileReference; lastKnownFileType = sourcecode.swift; path = Movie.swift; sourceTree = "<group>"; };
		040AD09E2E1F892A00C6EBC9 /* SearchMedia.swift */ = {isa = PBXFileReference; lastKnownFileType = sourcecode.swift; path = SearchMedia.swift; sourceTree = "<group>"; };
		0410D7922E4F2CBD009D38EE /* ImageProvider.swift */ = {isa = PBXFileReference; lastKnownFileType = sourcecode.swift; path = ImageProvider.swift; sourceTree = "<group>"; };
		041366582E0136C60026514E /* HomeTVCollectionViewCellReactorTests.xctest */ = {isa = PBXFileReference; explicitFileType = wrapper.cfbundle; includeInIndex = 0; path = HomeTVCollectionViewCellReactorTests.xctest; sourceTree = BUILT_PRODUCTS_DIR; };
		041366612E0136CB0026514E /* HomeTVCollectionViewCellReactorTests.swift */ = {isa = PBXFileReference; lastKnownFileType = sourcecode.swift; path = HomeTVCollectionViewCellReactorTests.swift; sourceTree = "<group>"; };
		042EFE632E14040500810E02 /* SearchMediaViewController.swift */ = {isa = PBXFileReference; lastKnownFileType = sourcecode.swift; path = SearchMediaViewController.swift; sourceTree = "<group>"; };
		043BB0422DFC4D8800E5438D /* TV.swift */ = {isa = PBXFileReference; lastKnownFileType = sourcecode.swift; path = TV.swift; sourceTree = "<group>"; };
		043BB0442DFC4DA700E5438D /* TMDBTarget.swift */ = {isa = PBXFileReference; lastKnownFileType = sourcecode.swift; path = TMDBTarget.swift; sourceTree = "<group>"; };
		043BB0462DFC4DDA00E5438D /* NetworkManager.swift */ = {isa = PBXFileReference; lastKnownFileType = sourcecode.swift; path = NetworkManager.swift; sourceTree = "<group>"; };
		043BB0482DFC4EA800E5438D /* HomeViewController.swift */ = {isa = PBXFileReference; lastKnownFileType = sourcecode.swift; path = HomeViewController.swift; sourceTree = "<group>"; };
		043BB04C2DFC4F2A00E5438D /* HomeReactor.swift */ = {isa = PBXFileReference; lastKnownFileType = sourcecode.swift; path = HomeReactor.swift; sourceTree = "<group>"; };
		044952632E081A4A00D75C4A /* HomeSectionModel.swift */ = {isa = PBXFileReference; lastKnownFileType = sourcecode.swift; path = HomeSectionModel.swift; sourceTree = "<group>"; };
		044952692E08257000D75C4A /* HomeReactorLoadDataUnitTest.xctest */ = {isa = PBXFileReference; explicitFileType = wrapper.cfbundle; includeInIndex = 0; path = HomeReactorLoadDataUnitTest.xctest; sourceTree = BUILT_PRODUCTS_DIR; };
		044952722E08257600D75C4A /* HomeReactorLoadDataUnitTest.swift */ = {isa = PBXFileReference; lastKnownFileType = sourcecode.swift; path = HomeReactorLoadDataUnitTest.swift; sourceTree = "<group>"; };
		0461E4D42E1A900B00EDB5D6 /* SearchMediaReactor.swift */ = {isa = PBXFileReference; lastKnownFileType = sourcecode.swift; path = SearchMediaReactor.swift; sourceTree = "<group>"; };
		046E7A2C2E56E6AE00FAF58A /* ReviewEntity+CoreDataClass.swift */ = {isa = PBXFileReference; lastKnownFileType = sourcecode.swift; path = "ReviewEntity+CoreDataClass.swift"; sourceTree = "<group>"; };
		046E7A2D2E56E6AE00FAF58A /* ReviewEntity+CoreDataProperties.swift */ = {isa = PBXFileReference; lastKnownFileType = sourcecode.swift; path = "ReviewEntity+CoreDataProperties.swift"; sourceTree = "<group>"; };
		046E7A342E574D1000FAF58A /* CreditsCollectionVIewCell.swift */ = {isa = PBXFileReference; lastKnownFileType = sourcecode.swift; path = CreditsCollectionVIewCell.swift; sourceTree = "<group>"; };
		046E7A362E574D2B00FAF58A /* CreditsCollectionViewCellReactor.swift */ = {isa = PBXFileReference; lastKnownFileType = sourcecode.swift; path = CreditsCollectionViewCellReactor.swift; sourceTree = "<group>"; };
		046EFB472E56E0A200E2736B /* RoomReviewerEntity.xcdatamodel */ = {isa = PBXFileReference; lastKnownFileType = wrapper.xcdatamodel; path = RoomReviewerEntity.xcdatamodel; sourceTree = "<group>"; };
		046EFB532E56E5E200E2736B /* MediaEntity+CoreDataClass.swift */ = {isa = PBXFileReference; lastKnownFileType = sourcecode.swift; path = "MediaEntity+CoreDataClass.swift"; sourceTree = "<group>"; };
		046EFB542E56E5E200E2736B /* MediaEntity+CoreDataProperties.swift */ = {isa = PBXFileReference; lastKnownFileType = sourcecode.swift; path = "MediaEntity+CoreDataProperties.swift"; sourceTree = "<group>"; };
		0478296B2DFFFA3F008CBE67 /* HomeMediaCollectionViewCellReactor.swift */ = {isa = PBXFileReference; lastKnownFileType = sourcecode.swift; path = HomeMediaCollectionViewCellReactor.swift; sourceTree = "<group>"; };
		04A722DC2E549F3600797731 /* CustomAlertViewController.swift */ = {isa = PBXFileReference; lastKnownFileType = sourcecode.swift; path = CustomAlertViewController.swift; sourceTree = "<group>"; };
		04A722DE2E54A1A200797731 /* CommonButton.swift */ = {isa = PBXFileReference; lastKnownFileType = sourcecode.swift; path = CommonButton.swift; sourceTree = "<group>"; };
		04B379052E51C50200C2F3EA /* CoreDataManager.swift */ = {isa = PBXFileReference; lastKnownFileType = sourcecode.swift; path = CoreDataManager.swift; sourceTree = "<group>"; };
		04B379092E51D74E00C2F3EA /* CoreDataStack.swift */ = {isa = PBXFileReference; lastKnownFileType = sourcecode.swift; path = CoreDataStack.swift; sourceTree = "<group>"; };
		04B3792F2E51EA3E00C2F3EA /* CoreDataManagerUnitTests.xctest */ = {isa = PBXFileReference; explicitFileType = wrapper.cfbundle; includeInIndex = 0; path = CoreDataManagerUnitTests.xctest; sourceTree = BUILT_PRODUCTS_DIR; };
		04B9CBBF2DFEAA8A00E84E78 /* HomeMediaCollectionViewCell.swift */ = {isa = PBXFileReference; lastKnownFileType = sourcecode.swift; path = HomeMediaCollectionViewCell.swift; sourceTree = "<group>"; };
		04C97AB02E224717001EB1D4 /* Media.swift */ = {isa = PBXFileReference; lastKnownFileType = sourcecode.swift; path = Media.swift; sourceTree = "<group>"; };
		04C97AB32E2286C3001EB1D4 /* SearchMediaCollectionViewCell.swift */ = {isa = PBXFileReference; lastKnownFileType = sourcecode.swift; path = SearchMediaCollectionViewCell.swift; sourceTree = "<group>"; };
		04C97AB92E236D29001EB1D4 /* SearchMediaCollectionViewCellReactor.swift */ = {isa = PBXFileReference; lastKnownFileType = sourcecode.swift; path = SearchMediaCollectionViewCellReactor.swift; sourceTree = "<group>"; };
		04C97ABD2E23784C001EB1D4 /* MediaDetailViewController.swift */ = {isa = PBXFileReference; lastKnownFileType = sourcecode.swift; path = MediaDetailViewController.swift; sourceTree = "<group>"; };
		04C97ADB2E23B595001EB1D4 /* MediaDetailReactor.swift */ = {isa = PBXFileReference; lastKnownFileType = sourcecode.swift; path = MediaDetailReactor.swift; sourceTree = "<group>"; };
		04DCA89A2DF2D99200695361 /* API.xcconfig */ = {isa = PBXFileReference; lastKnownFileType = text.xcconfig; path = API.xcconfig; sourceTree = "<group>"; };
		04DCA89F2DF2DB7100695361 /* NetworkError.swift */ = {isa = PBXFileReference; lastKnownFileType = sourcecode.swift; path = NetworkError.swift; sourceTree = "<group>"; };
		04DCA8A12DF2DBD100695361 /* Configuration.swift */ = {isa = PBXFileReference; lastKnownFileType = sourcecode.swift; path = Configuration.swift; sourceTree = "<group>"; };
		04DCA8A42DF2DBFC00695361 /* TargetType.swift */ = {isa = PBXFileReference; lastKnownFileType = sourcecode.swift; path = TargetType.swift; sourceTree = "<group>"; };
		04EE7EBE2E52EE160006ECD5 /* CoreDataManagerUnitTests.swift */ = {isa = PBXFileReference; lastKnownFileType = sourcecode.swift; path = CoreDataManagerUnitTests.swift; sourceTree = "<group>"; };
		04FE6C802E585F6C00CCB76C /* MovieCredits.swift */ = {isa = PBXFileReference; lastKnownFileType = sourcecode.swift; path = MovieCredits.swift; sourceTree = "<group>"; };
		04FE6C822E585F7200CCB76C /* TVCredits.swift */ = {isa = PBXFileReference; lastKnownFileType = sourcecode.swift; path = TVCredits.swift; sourceTree = "<group>"; };
		04FE6C942E599C3A00CCB76C /* MovieDetail.swift */ = {isa = PBXFileReference; lastKnownFileType = sourcecode.swift; path = MovieDetail.swift; sourceTree = "<group>"; };
		04FE6C962E599C4100CCB76C /* TVDetail.swift */ = {isa = PBXFileReference; lastKnownFileType = sourcecode.swift; path = TVDetail.swift; sourceTree = "<group>"; };
		04FE6C9B2E599E3000CCB76C /* MediaDetail.swift */ = {isa = PBXFileReference; lastKnownFileType = sourcecode.swift; path = MediaDetail.swift; sourceTree = "<group>"; };
		04FE6C9D2E599F7800CCB76C /* CastResponse.swift */ = {isa = PBXFileReference; lastKnownFileType = sourcecode.swift; path = CastResponse.swift; sourceTree = "<group>"; };
		04FE6C9E2E599F7800CCB76C /* CrewResponse.swift */ = {isa = PBXFileReference; lastKnownFileType = sourcecode.swift; path = CrewResponse.swift; sourceTree = "<group>"; };
		04FE6CA52E59A6D600CCB76C /* NetworkTransformMediaDetailTests.xctest */ = {isa = PBXFileReference; explicitFileType = wrapper.cfbundle; includeInIndex = 0; path = NetworkTransformMediaDetailTests.xctest; sourceTree = BUILT_PRODUCTS_DIR; };
		04FE6CAE2E59A6DB00CCB76C /* NetworkTransformMediaDetailTests.swift */ = {isa = PBXFileReference; lastKnownFileType = sourcecode.swift; path = NetworkTransformMediaDetailTests.swift; sourceTree = "<group>"; };
		04FFC7AA2DF169D60081AF7C /* RoomReviewer.app */ = {isa = PBXFileReference; explicitFileType = wrapper.application; includeInIndex = 0; path = RoomReviewer.app; sourceTree = BUILT_PRODUCTS_DIR; };
		04FFC7C22DF16A840081AF7C /* AppDelegate.swift */ = {isa = PBXFileReference; lastKnownFileType = sourcecode.swift; path = AppDelegate.swift; sourceTree = "<group>"; };
		04FFC7C32DF16A840081AF7C /* Assets.xcassets */ = {isa = PBXFileReference; lastKnownFileType = folder.assetcatalog; path = Assets.xcassets; sourceTree = "<group>"; };
		04FFC7C42DF16A840081AF7C /* Info.plist */ = {isa = PBXFileReference; lastKnownFileType = text.plist.xml; path = Info.plist; sourceTree = "<group>"; };
		04FFC7C52DF16A840081AF7C /* Base */ = {isa = PBXFileReference; lastKnownFileType = file.storyboard; name = Base; path = Base.lproj/LaunchScreen.storyboard; sourceTree = "<group>"; };
		04FFC7C92DF16A840081AF7C /* SceneDelegate.swift */ = {isa = PBXFileReference; lastKnownFileType = sourcecode.swift; path = SceneDelegate.swift; sourceTree = "<group>"; };
/* End PBXFileReference section */

/* Begin PBXFrameworksBuildPhase section */
		041366552E0136C60026514E /* Frameworks */ = {
			isa = PBXFrameworksBuildPhase;
			buildActionMask = 2147483647;
			files = (
				0413666B2E0139250026514E /* RxTest in Frameworks */,
				041366692E0138D40026514E /* RxSwift in Frameworks */,
				0413666D2E0139920026514E /* RxCocoa in Frameworks */,
				041366652E0138D40026514E /* ReactorKit in Frameworks */,
				041366672E0138D40026514E /* RxBlocking in Frameworks */,
			);
			runOnlyForDeploymentPostprocessing = 0;
		};
		044952662E08257000D75C4A /* Frameworks */ = {
			isa = PBXFrameworksBuildPhase;
			buildActionMask = 2147483647;
			files = (
				0449527A2E082A1500D75C4A /* RxCocoa in Frameworks */,
				044952762E082A1500D75C4A /* ReactorKit in Frameworks */,
				0449527E2E082A1500D75C4A /* RxSwift in Frameworks */,
				044952802E082A1500D75C4A /* RxTest in Frameworks */,
				044952782E082A1500D75C4A /* RxBlocking in Frameworks */,
			);
			runOnlyForDeploymentPostprocessing = 0;
		};
		04B3792C2E51EA3E00C2F3EA /* Frameworks */ = {
			isa = PBXFrameworksBuildPhase;
			buildActionMask = 2147483647;
			files = (
				04B379492E51EB0000C2F3EA /* RxCocoa in Frameworks */,
				04B379452E51EB0000C2F3EA /* ReactorKit in Frameworks */,
				04B3794D2E51EB0000C2F3EA /* RxSwift in Frameworks */,
				04B379472E51EB0000C2F3EA /* RxBlocking in Frameworks */,
			);
			runOnlyForDeploymentPostprocessing = 0;
		};
		04FE6CA22E59A6D600CCB76C /* Frameworks */ = {
			isa = PBXFrameworksBuildPhase;
			buildActionMask = 2147483647;
			files = (
				04EE311B2E59AA32009CA1BC /* RxCocoa in Frameworks */,
				04EE311F2E59AA32009CA1BC /* RxSwift in Frameworks */,
			);
			runOnlyForDeploymentPostprocessing = 0;
		};
		04FFC7A72DF169D60081AF7C /* Frameworks */ = {
			isa = PBXFrameworksBuildPhase;
			buildActionMask = 2147483647;
			files = (
				044952592E08169D00D75C4A /* Differentiator in Frameworks */,
				043BB0542DFD5EE000E5438D /* RxSwift in Frameworks */,
				04DCA8912DF2D78A00695361 /* ReactorKit in Frameworks */,
				043BB0502DFD5EE000E5438D /* RxBlocking in Frameworks */,
				043BB0522DFD5EE000E5438D /* RxCocoa in Frameworks */,
				0449525B2E08169D00D75C4A /* RxDataSources in Frameworks */,
				04DCA8942DF2D78F00695361 /* Then in Frameworks */,
				04DCA88E2DF2D78500695361 /* SnapKit in Frameworks */,
			);
			runOnlyForDeploymentPostprocessing = 0;
		};
/* End PBXFrameworksBuildPhase section */

/* Begin PBXGroup section */
		040AD09B2E1F874200C6EBC9 /* Header */ = {
			isa = PBXGroup;
			children = (
				040AD0992E1F7F6900C6EBC9 /* HomeSectionHeaderView.swift */,
			);
			path = Header;
			sourceTree = "<group>";
		};
		041366472E0135E30026514E /* Frameworks */ = {
			isa = PBXGroup;
			children = (
			);
			name = Frameworks;
			sourceTree = "<group>";
		};
		041366622E0136CB0026514E /* HomeTVCollectionViewCellReactorTests */ = {
			isa = PBXGroup;
			children = (
				041366612E0136CB0026514E /* HomeTVCollectionViewCellReactorTests.swift */,
			);
			path = HomeTVCollectionViewCellReactorTests;
			sourceTree = "<group>";
		};
		042EFE5E2E1403C800810E02 /* Home */ = {
			isa = PBXGroup;
			children = (
				043BB0482DFC4EA800E5438D /* HomeViewController.swift */,
				043BB04C2DFC4F2A00E5438D /* HomeReactor.swift */,
				042EFE5F2E1403D200810E02 /* Cell */,
			);
			path = Home;
			sourceTree = "<group>";
		};
		042EFE5F2E1403D200810E02 /* Cell */ = {
			isa = PBXGroup;
			children = (
				040AD09B2E1F874200C6EBC9 /* Header */,
				04B9CBBF2DFEAA8A00E84E78 /* HomeMediaCollectionViewCell.swift */,
				0478296B2DFFFA3F008CBE67 /* HomeMediaCollectionViewCellReactor.swift */,
			);
			path = Cell;
			sourceTree = "<group>";
		};
		042EFE602E1403DD00810E02 /* MediaDetail */ = {
			isa = PBXGroup;
			children = (
				04C97ABD2E23784C001EB1D4 /* MediaDetailViewController.swift */,
				04C97ADB2E23B595001EB1D4 /* MediaDetailReactor.swift */,
				04FE6C922E5887C200CCB76C /* Cell */,
			);
			path = MediaDetail;
			sourceTree = "<group>";
		};
		0449525C2E08174000D75C4A /* Data */ = {
			isa = PBXGroup;
			children = (
				04FE6C882E58674B00CCB76C /* DomainModel */,
				04FE6C892E58675700CCB76C /* NetworkModel */,
				04FE6C902E5867F200CCB76C /* DBModel */,
				044952632E081A4A00D75C4A /* HomeSectionModel.swift */,
			);
			path = Data;
			sourceTree = "<group>";
		};
		044952732E08257600D75C4A /* HomeReactorLoadDataUnitTest */ = {
			isa = PBXGroup;
			children = (
				044952722E08257600D75C4A /* HomeReactorLoadDataUnitTest.swift */,
			);
			path = HomeReactorLoadDataUnitTest;
			sourceTree = "<group>";
		};
		046285AD2E4E1F9E00365B77 /* Utils */ = {
			isa = PBXGroup;
			children = (
				0410D7922E4F2CBD009D38EE /* ImageProvider.swift */,
			);
			path = Utils;
			sourceTree = "<group>";
		};
		04A722DB2E549F2400797731 /* CustomView */ = {
			isa = PBXGroup;
			children = (
				04A722DC2E549F3600797731 /* CustomAlertViewController.swift */,
				04A722DE2E54A1A200797731 /* CommonButton.swift */,
			);
			path = CustomView;
			sourceTree = "<group>";
		};
		04C97AAF2E20D8C4001EB1D4 /* App */ = {
			isa = PBXGroup;
			children = (
				04FFC7C22DF16A840081AF7C /* AppDelegate.swift */,
				04FFC7C92DF16A840081AF7C /* SceneDelegate.swift */,
			);
			path = App;
			sourceTree = "<group>";
		};
		04C97AB22E2286AD001EB1D4 /* Cell */ = {
			isa = PBXGroup;
			children = (
				04C97AB32E2286C3001EB1D4 /* SearchMediaCollectionViewCell.swift */,
				04C97AB92E236D29001EB1D4 /* SearchMediaCollectionViewCellReactor.swift */,
			);
			path = Cell;
			sourceTree = "<group>";
		};
		04DCA8A32DF2DBD500695361 /* Network */ = {
			isa = PBXGroup;
			children = (
				04DCA8A12DF2DBD100695361 /* Configuration.swift */,
				043BB0442DFC4DA700E5438D /* TMDBTarget.swift */,
				04DCA8A42DF2DBFC00695361 /* TargetType.swift */,
				043BB0462DFC4DDA00E5438D /* NetworkManager.swift */,
				04DCA89F2DF2DB7100695361 /* NetworkError.swift */,
			);
			path = Network;
			sourceTree = "<group>";
		};
		04EE7EBF2E52EE160006ECD5 /* CoreDataManagerUnitTests */ = {
			isa = PBXGroup;
			children = (
				04EE7EBE2E52EE160006ECD5 /* CoreDataManagerUnitTests.swift */,
			);
			path = CoreDataManagerUnitTests;
			sourceTree = "<group>";
		};
		04FE6C882E58674B00CCB76C /* DomainModel */ = {
			isa = PBXGroup;
			children = (
				04FE6C8D2E5867B000CCB76C /* Media */,
				04FE6C9A2E599E2300CCB76C /* MediaDetail */,
			);
			path = DomainModel;
			sourceTree = "<group>";
		};
		04FE6C892E58675700CCB76C /* NetworkModel */ = {
			isa = PBXGroup;
			children = (
				04FE6C8E2E5867BB00CCB76C /* Media */,
				04FE6C8B2E58678A00CCB76C /* Search */,
				04FE6C8A2E58677B00CCB76C /* Credits */,
				04FE6C932E599C2900CCB76C /* Detail */,
			);
			path = NetworkModel;
			sourceTree = "<group>";
		};
		04FE6C8A2E58677B00CCB76C /* Credits */ = {
			isa = PBXGroup;
			children = (
				04FE6C802E585F6C00CCB76C /* MovieCredits.swift */,
				04FE6C822E585F7200CCB76C /* TVCredits.swift */,
			);
			path = Credits;
			sourceTree = "<group>";
		};
		04FE6C8B2E58678A00CCB76C /* Search */ = {
			isa = PBXGroup;
			children = (
				040AD09E2E1F892A00C6EBC9 /* SearchMedia.swift */,
			);
			path = Search;
			sourceTree = "<group>";
		};
		04FE6C8D2E5867B000CCB76C /* Media */ = {
			isa = PBXGroup;
			children = (
				04C97AB02E224717001EB1D4 /* Media.swift */,
			);
			path = Media;
			sourceTree = "<group>";
		};
		04FE6C8E2E5867BB00CCB76C /* Media */ = {
			isa = PBXGroup;
			children = (
				043BB0422DFC4D8800E5438D /* TV.swift */,
				040AD09C2E1F879000C6EBC9 /* Movie.swift */,
			);
			path = Media;
			sourceTree = "<group>";
		};
		04FE6C8F2E5867D300CCB76C /* DB */ = {
			isa = PBXGroup;
			children = (
				04B379092E51D74E00C2F3EA /* CoreDataStack.swift */,
				04B379052E51C50200C2F3EA /* CoreDataManager.swift */,
			);
			path = DB;
			sourceTree = "<group>";
		};
		04FE6C902E5867F200CCB76C /* DBModel */ = {
			isa = PBXGroup;
			children = (
				046EFB462E56E0A200E2736B /* RoomReviewerEntity.xcdatamodeld */,
				046E7A2C2E56E6AE00FAF58A /* ReviewEntity+CoreDataClass.swift */,
				046E7A2D2E56E6AE00FAF58A /* ReviewEntity+CoreDataProperties.swift */,
				046EFB532E56E5E200E2736B /* MediaEntity+CoreDataClass.swift */,
				046EFB542E56E5E200E2736B /* MediaEntity+CoreDataProperties.swift */,
			);
			path = DBModel;
			sourceTree = "<group>";
		};
		04FE6C912E58879D00CCB76C /* SearchMedia */ = {
			isa = PBXGroup;
			children = (
				042EFE632E14040500810E02 /* SearchMediaViewController.swift */,
				0461E4D42E1A900B00EDB5D6 /* SearchMediaReactor.swift */,
				04C97AB22E2286AD001EB1D4 /* Cell */,
			);
			path = SearchMedia;
			sourceTree = "<group>";
		};
		04FE6C922E5887C200CCB76C /* Cell */ = {
			isa = PBXGroup;
			children = (
				046E7A342E574D1000FAF58A /* CreditsCollectionVIewCell.swift */,
				046E7A362E574D2B00FAF58A /* CreditsCollectionViewCellReactor.swift */,
			);
			path = Cell;
			sourceTree = "<group>";
		};
		04FE6C932E599C2900CCB76C /* Detail */ = {
			isa = PBXGroup;
			children = (
				04FE6C942E599C3A00CCB76C /* MovieDetail.swift */,
				04FE6C962E599C4100CCB76C /* TVDetail.swift */,
				04FE6C9D2E599F7800CCB76C /* CastResponse.swift */,
				04FE6C9E2E599F7800CCB76C /* CrewResponse.swift */,
			);
			path = Detail;
			sourceTree = "<group>";
		};
		04FE6C9A2E599E2300CCB76C /* MediaDetail */ = {
			isa = PBXGroup;
			children = (
				04FE6C9B2E599E3000CCB76C /* MediaDetail.swift */,
			);
			path = MediaDetail;
			sourceTree = "<group>";
		};
		04FE6CAF2E59A6DB00CCB76C /* NetworkTransformMediaDetailTests */ = {
			isa = PBXGroup;
			children = (
				04FE6CAE2E59A6DB00CCB76C /* NetworkTransformMediaDetailTests.swift */,
			);
			path = NetworkTransformMediaDetailTests;
			sourceTree = "<group>";
		};
		04FFC7A12DF169D60081AF7C = {
			isa = PBXGroup;
			children = (
				04DCA89A2DF2D99200695361 /* API.xcconfig */,
				04FFC7CB2DF16A840081AF7C /* RoomReviewer */,
				041366622E0136CB0026514E /* HomeTVCollectionViewCellReactorTests */,
				044952732E08257600D75C4A /* HomeReactorLoadDataUnitTest */,
				04EE7EBF2E52EE160006ECD5 /* CoreDataManagerUnitTests */,
				04FE6CAF2E59A6DB00CCB76C /* NetworkTransformMediaDetailTests */,
				041366472E0135E30026514E /* Frameworks */,
				04FFC7AB2DF169D60081AF7C /* Products */,
			);
			sourceTree = "<group>";
		};
		04FFC7AB2DF169D60081AF7C /* Products */ = {
			isa = PBXGroup;
			children = (
				04FFC7AA2DF169D60081AF7C /* RoomReviewer.app */,
				041366582E0136C60026514E /* HomeTVCollectionViewCellReactorTests.xctest */,
				044952692E08257000D75C4A /* HomeReactorLoadDataUnitTest.xctest */,
				04B3792F2E51EA3E00C2F3EA /* CoreDataManagerUnitTests.xctest */,
				04FE6CA52E59A6D600CCB76C /* NetworkTransformMediaDetailTests.xctest */,
			);
			name = Products;
			sourceTree = "<group>";
		};
		04FFC7CB2DF16A840081AF7C /* RoomReviewer */ = {
			isa = PBXGroup;
			children = (
				04C97AAF2E20D8C4001EB1D4 /* App */,
				046285AD2E4E1F9E00365B77 /* Utils */,
				04FE6C8F2E5867D300CCB76C /* DB */,
				0449525C2E08174000D75C4A /* Data */,
				04DCA8A32DF2DBD500695361 /* Network */,
				04FFC7C32DF16A840081AF7C /* Assets.xcassets */,
				04FFC7C42DF16A840081AF7C /* Info.plist */,
				04FFC7C62DF16A840081AF7C /* LaunchScreen.storyboard */,
				04A722DB2E549F2400797731 /* CustomView */,
				04FE6C912E58879D00CCB76C /* SearchMedia */,
				042EFE602E1403DD00810E02 /* MediaDetail */,
				042EFE5E2E1403C800810E02 /* Home */,
			);
			path = RoomReviewer;
			sourceTree = "<group>";
		};
/* End PBXGroup section */

/* Begin PBXNativeTarget section */
		041366572E0136C60026514E /* HomeTVCollectionViewCellReactorTests */ = {
			isa = PBXNativeTarget;
			buildConfigurationList = 0413665E2E0136C60026514E /* Build configuration list for PBXNativeTarget "HomeTVCollectionViewCellReactorTests" */;
			buildPhases = (
				041366542E0136C60026514E /* Sources */,
				041366552E0136C60026514E /* Frameworks */,
				041366562E0136C60026514E /* Resources */,
			);
			buildRules = (
			);
			dependencies = (
				0413665D2E0136C60026514E /* PBXTargetDependency */,
			);
			name = HomeTVCollectionViewCellReactorTests;
			packageProductDependencies = (
				041366642E0138D40026514E /* ReactorKit */,
				041366662E0138D40026514E /* RxBlocking */,
				041366682E0138D40026514E /* RxSwift */,
				0413666A2E0139250026514E /* RxTest */,
				0413666C2E0139920026514E /* RxCocoa */,
			);
			productName = HomeTVCollectionViewCellReactorTests;
			productReference = 041366582E0136C60026514E /* HomeTVCollectionViewCellReactorTests.xctest */;
			productType = "com.apple.product-type.bundle.unit-test";
		};
		044952682E08257000D75C4A /* HomeReactorLoadDataUnitTest */ = {
			isa = PBXNativeTarget;
			buildConfigurationList = 0449526F2E08257000D75C4A /* Build configuration list for PBXNativeTarget "HomeReactorLoadDataUnitTest" */;
			buildPhases = (
				044952652E08257000D75C4A /* Sources */,
				044952662E08257000D75C4A /* Frameworks */,
				044952672E08257000D75C4A /* Resources */,
			);
			buildRules = (
			);
			dependencies = (
				0449526E2E08257000D75C4A /* PBXTargetDependency */,
			);
			name = HomeReactorLoadDataUnitTest;
			packageProductDependencies = (
				044952752E082A1500D75C4A /* ReactorKit */,
				044952772E082A1500D75C4A /* RxBlocking */,
				044952792E082A1500D75C4A /* RxCocoa */,
				0449527D2E082A1500D75C4A /* RxSwift */,
				0449527F2E082A1500D75C4A /* RxTest */,
			);
			productName = HomeReactorLoadDataUnitTest;
			productReference = 044952692E08257000D75C4A /* HomeReactorLoadDataUnitTest.xctest */;
			productType = "com.apple.product-type.bundle.unit-test";
		};
		04B3792E2E51EA3E00C2F3EA /* CoreDataManagerUnitTests */ = {
			isa = PBXNativeTarget;
			buildConfigurationList = 04B379352E51EA3E00C2F3EA /* Build configuration list for PBXNativeTarget "CoreDataManagerUnitTests" */;
			buildPhases = (
				04B3792B2E51EA3E00C2F3EA /* Sources */,
				04B3792C2E51EA3E00C2F3EA /* Frameworks */,
				04B3792D2E51EA3E00C2F3EA /* Resources */,
			);
			buildRules = (
			);
			dependencies = (
				04B379342E51EA3E00C2F3EA /* PBXTargetDependency */,
			);
			name = CoreDataManagerUnitTests;
			packageProductDependencies = (
				04B379442E51EB0000C2F3EA /* ReactorKit */,
				04B379462E51EB0000C2F3EA /* RxBlocking */,
				04B379482E51EB0000C2F3EA /* RxCocoa */,
				04B3794C2E51EB0000C2F3EA /* RxSwift */,
			);
			productName = CoreDataManagerUnitTests;
			productReference = 04B3792F2E51EA3E00C2F3EA /* CoreDataManagerUnitTests.xctest */;
			productType = "com.apple.product-type.bundle.unit-test";
		};
		04FE6CA42E59A6D600CCB76C /* NetworkTransformMediaDetailTests */ = {
			isa = PBXNativeTarget;
			buildConfigurationList = 04FE6CAB2E59A6D600CCB76C /* Build configuration list for PBXNativeTarget "NetworkTransformMediaDetailTests" */;
			buildPhases = (
				04FE6CA12E59A6D600CCB76C /* Sources */,
				04FE6CA22E59A6D600CCB76C /* Frameworks */,
				04FE6CA32E59A6D600CCB76C /* Resources */,
			);
			buildRules = (
			);
			dependencies = (
				04FE6CAA2E59A6D600CCB76C /* PBXTargetDependency */,
			);
			name = NetworkTransformMediaDetailTests;
			packageProductDependencies = (
				04EE311A2E59AA32009CA1BC /* RxCocoa */,
				04EE311E2E59AA32009CA1BC /* RxSwift */,
			);
			productName = NetworkTransformMediaDetailTests;
			productReference = 04FE6CA52E59A6D600CCB76C /* NetworkTransformMediaDetailTests.xctest */;
			productType = "com.apple.product-type.bundle.unit-test";
		};
		04FFC7A92DF169D60081AF7C /* RoomReviewer */ = {
			isa = PBXNativeTarget;
			buildConfigurationList = 04FFC7BD2DF169D70081AF7C /* Build configuration list for PBXNativeTarget "RoomReviewer" */;
			buildPhases = (
				04FFC7A62DF169D60081AF7C /* Sources */,
				04FFC7A72DF169D60081AF7C /* Frameworks */,
				04FFC7A82DF169D60081AF7C /* Resources */,
			);
			buildRules = (
			);
			dependencies = (
			);
			name = RoomReviewer;
			packageProductDependencies = (
				04DCA88D2DF2D78500695361 /* SnapKit */,
				04DCA8902DF2D78A00695361 /* ReactorKit */,
				04DCA8932DF2D78F00695361 /* Then */,
				043BB04F2DFD5EE000E5438D /* RxBlocking */,
				043BB0512DFD5EE000E5438D /* RxCocoa */,
				043BB0532DFD5EE000E5438D /* RxSwift */,
				044952582E08169D00D75C4A /* Differentiator */,
				0449525A2E08169D00D75C4A /* RxDataSources */,
			);
			productName = RoomReviewer;
			productReference = 04FFC7AA2DF169D60081AF7C /* RoomReviewer.app */;
			productType = "com.apple.product-type.application";
		};
/* End PBXNativeTarget section */

/* Begin PBXProject section */
		04FFC7A22DF169D60081AF7C /* Project object */ = {
			isa = PBXProject;
			attributes = {
				BuildIndependentTargetsInParallel = 1;
				LastSwiftUpdateCheck = 1640;
				LastUpgradeCheck = 1640;
				TargetAttributes = {
					041366572E0136C60026514E = {
						CreatedOnToolsVersion = 16.4;
						TestTargetID = 04FFC7A92DF169D60081AF7C;
					};
					044952682E08257000D75C4A = {
						CreatedOnToolsVersion = 16.4;
						TestTargetID = 04FFC7A92DF169D60081AF7C;
					};
					04B3792E2E51EA3E00C2F3EA = {
						CreatedOnToolsVersion = 16.4;
						TestTargetID = 04FFC7A92DF169D60081AF7C;
					};
					04FE6CA42E59A6D600CCB76C = {
						CreatedOnToolsVersion = 16.4;
						TestTargetID = 04FFC7A92DF169D60081AF7C;
					};
					04FFC7A92DF169D60081AF7C = {
						CreatedOnToolsVersion = 16.3;
					};
				};
			};
			buildConfigurationList = 04FFC7A52DF169D60081AF7C /* Build configuration list for PBXProject "RoomReviewer" */;
			developmentRegion = en;
			hasScannedForEncodings = 0;
			knownRegions = (
				en,
				Base,
			);
			mainGroup = 04FFC7A12DF169D60081AF7C;
			minimizedProjectReferenceProxies = 1;
			packageReferences = (
				04DCA88C2DF2D78500695361 /* XCRemoteSwiftPackageReference "SnapKit" */,
				04DCA88F2DF2D78A00695361 /* XCRemoteSwiftPackageReference "ReactorKit" */,
				04DCA8922DF2D78F00695361 /* XCRemoteSwiftPackageReference "Then" */,
				043BB04E2DFD5EE000E5438D /* XCRemoteSwiftPackageReference "RxSwift" */,
				044952572E08169D00D75C4A /* XCRemoteSwiftPackageReference "RxDataSources" */,
			);
			preferredProjectObjectVersion = 77;
			productRefGroup = 04FFC7AB2DF169D60081AF7C /* Products */;
			projectDirPath = "";
			projectRoot = "";
			targets = (
				04FFC7A92DF169D60081AF7C /* RoomReviewer */,
				041366572E0136C60026514E /* HomeTVCollectionViewCellReactorTests */,
				044952682E08257000D75C4A /* HomeReactorLoadDataUnitTest */,
				04B3792E2E51EA3E00C2F3EA /* CoreDataManagerUnitTests */,
				04FE6CA42E59A6D600CCB76C /* NetworkTransformMediaDetailTests */,
			);
		};
/* End PBXProject section */

/* Begin PBXResourcesBuildPhase section */
		041366562E0136C60026514E /* Resources */ = {
			isa = PBXResourcesBuildPhase;
			buildActionMask = 2147483647;
			files = (
			);
			runOnlyForDeploymentPostprocessing = 0;
		};
		044952672E08257000D75C4A /* Resources */ = {
			isa = PBXResourcesBuildPhase;
			buildActionMask = 2147483647;
			files = (
			);
			runOnlyForDeploymentPostprocessing = 0;
		};
		04B3792D2E51EA3E00C2F3EA /* Resources */ = {
			isa = PBXResourcesBuildPhase;
			buildActionMask = 2147483647;
			files = (
			);
			runOnlyForDeploymentPostprocessing = 0;
		};
		04FE6CA32E59A6D600CCB76C /* Resources */ = {
			isa = PBXResourcesBuildPhase;
			buildActionMask = 2147483647;
			files = (
			);
			runOnlyForDeploymentPostprocessing = 0;
		};
		04FFC7A82DF169D60081AF7C /* Resources */ = {
			isa = PBXResourcesBuildPhase;
			buildActionMask = 2147483647;
			files = (
				04FFC7CC2DF16A840081AF7C /* Assets.xcassets in Resources */,
				04FFC7CE2DF16A840081AF7C /* LaunchScreen.storyboard in Resources */,
			);
			runOnlyForDeploymentPostprocessing = 0;
		};
/* End PBXResourcesBuildPhase section */

/* Begin PBXSourcesBuildPhase section */
		041366542E0136C60026514E /* Sources */ = {
			isa = PBXSourcesBuildPhase;
			buildActionMask = 2147483647;
			files = (
				041366632E0136CB0026514E /* HomeTVCollectionViewCellReactorTests.swift in Sources */,
			);
			runOnlyForDeploymentPostprocessing = 0;
		};
		044952652E08257000D75C4A /* Sources */ = {
			isa = PBXSourcesBuildPhase;
			buildActionMask = 2147483647;
			files = (
				044952742E08257600D75C4A /* HomeReactorLoadDataUnitTest.swift in Sources */,
			);
			runOnlyForDeploymentPostprocessing = 0;
		};
		04B3792B2E51EA3E00C2F3EA /* Sources */ = {
			isa = PBXSourcesBuildPhase;
			buildActionMask = 2147483647;
			files = (
				04EE7EC02E52EE160006ECD5 /* CoreDataManagerUnitTests.swift in Sources */,
			);
			runOnlyForDeploymentPostprocessing = 0;
		};
		04FE6CA12E59A6D600CCB76C /* Sources */ = {
			isa = PBXSourcesBuildPhase;
			buildActionMask = 2147483647;
			files = (
				04FE6CB02E59A6DB00CCB76C /* NetworkTransformMediaDetailTests.swift in Sources */,
			);
			runOnlyForDeploymentPostprocessing = 0;
		};
		04FFC7A62DF169D60081AF7C /* Sources */ = {
			isa = PBXSourcesBuildPhase;
			buildActionMask = 2147483647;
			files = (
				040AD09D2E1F879000C6EBC9 /* Movie.swift in Sources */,
				0461E4D52E1A900C00EDB5D6 /* SearchMediaReactor.swift in Sources */,
				046EFB552E56E5E200E2736B /* MediaEntity+CoreDataClass.swift in Sources */,
				046E7A372E574D2B00FAF58A /* CreditsCollectionViewCellReactor.swift in Sources */,
				046EFB562E56E5E200E2736B /* MediaEntity+CoreDataProperties.swift in Sources */,
				04C97AB42E2286C3001EB1D4 /* SearchMediaCollectionViewCell.swift in Sources */,
				04FE6C952E599C3A00CCB76C /* MovieDetail.swift in Sources */,
				043BB0472DFC4DDA00E5438D /* NetworkManager.swift in Sources */,
				04DCA8A52DF2DBFC00695361 /* TargetType.swift in Sources */,
				04C97ABE2E23784C001EB1D4 /* MediaDetailViewController.swift in Sources */,
				04FE6C972E599C4100CCB76C /* TVDetail.swift in Sources */,
				0478296C2DFFFA3F008CBE67 /* HomeMediaCollectionViewCellReactor.swift in Sources */,
				043BB0452DFC4DA700E5438D /* TMDBTarget.swift in Sources */,
				04FE6C832E585F7200CCB76C /* TVCredits.swift in Sources */,
				040AD09F2E1F892A00C6EBC9 /* SearchMedia.swift in Sources */,
				0410D7932E4F2CBD009D38EE /* ImageProvider.swift in Sources */,
				046EFB482E56E0A200E2736B /* RoomReviewerEntity.xcdatamodeld in Sources */,
				04DCA8A22DF2DBD100695361 /* Configuration.swift in Sources */,
				042EFE642E14040500810E02 /* SearchMediaViewController.swift in Sources */,
				04FFC7D02DF16A840081AF7C /* AppDelegate.swift in Sources */,
				043BB04D2DFC4F2A00E5438D /* HomeReactor.swift in Sources */,
				04FE6C812E585F6C00CCB76C /* MovieCredits.swift in Sources */,
				040AD09A2E1F7F6900C6EBC9 /* HomeSectionHeaderView.swift in Sources */,
				044952642E081A4A00D75C4A /* HomeSectionModel.swift in Sources */,
				04C97AB12E224717001EB1D4 /* Media.swift in Sources */,
				043BB0492DFC4EA800E5438D /* HomeViewController.swift in Sources */,
				043BB0432DFC4D8800E5438D /* TV.swift in Sources */,
				04C97ADC2E23B595001EB1D4 /* MediaDetailReactor.swift in Sources */,
				04B9CBC02DFEAA8A00E84E78 /* HomeMediaCollectionViewCell.swift in Sources */,
				04FE6C9C2E599E3000CCB76C /* MediaDetail.swift in Sources */,
				04FFC7D12DF16A840081AF7C /* SceneDelegate.swift in Sources */,
				04A722DF2E54A1A200797731 /* CommonButton.swift in Sources */,
				046E7A2E2E56E6AE00FAF58A /* ReviewEntity+CoreDataClass.swift in Sources */,
				046E7A2F2E56E6AE00FAF58A /* ReviewEntity+CoreDataProperties.swift in Sources */,
				04C97ABA2E236D29001EB1D4 /* SearchMediaCollectionViewCellReactor.swift in Sources */,
				04A722DD2E549F3600797731 /* CustomAlertViewController.swift in Sources */,
				04B379062E51C50200C2F3EA /* CoreDataManager.swift in Sources */,
				04DCA8A02DF2DB7100695361 /* NetworkError.swift in Sources */,
				04FE6C9F2E599F7800CCB76C /* CrewResponse.swift in Sources */,
				04FE6CA02E599F7800CCB76C /* CastResponse.swift in Sources */,
				04B3790A2E51D74E00C2F3EA /* CoreDataStack.swift in Sources */,
				046E7A352E574D1000FAF58A /* CreditsCollectionVIewCell.swift in Sources */,
			);
			runOnlyForDeploymentPostprocessing = 0;
		};
/* End PBXSourcesBuildPhase section */

/* Begin PBXTargetDependency section */
		0413665D2E0136C60026514E /* PBXTargetDependency */ = {
			isa = PBXTargetDependency;
			target = 04FFC7A92DF169D60081AF7C /* RoomReviewer */;
			targetProxy = 0413665C2E0136C60026514E /* PBXContainerItemProxy */;
		};
		0449526E2E08257000D75C4A /* PBXTargetDependency */ = {
			isa = PBXTargetDependency;
			target = 04FFC7A92DF169D60081AF7C /* RoomReviewer */;
			targetProxy = 0449526D2E08257000D75C4A /* PBXContainerItemProxy */;
		};
		04B379342E51EA3E00C2F3EA /* PBXTargetDependency */ = {
			isa = PBXTargetDependency;
			target = 04FFC7A92DF169D60081AF7C /* RoomReviewer */;
			targetProxy = 04B379332E51EA3E00C2F3EA /* PBXContainerItemProxy */;
		};
		04FE6CAA2E59A6D600CCB76C /* PBXTargetDependency */ = {
			isa = PBXTargetDependency;
			target = 04FFC7A92DF169D60081AF7C /* RoomReviewer */;
			targetProxy = 04FE6CA92E59A6D600CCB76C /* PBXContainerItemProxy */;
		};
/* End PBXTargetDependency section */

/* Begin PBXVariantGroup section */
		04FFC7C62DF16A840081AF7C /* LaunchScreen.storyboard */ = {
			isa = PBXVariantGroup;
			children = (
				04FFC7C52DF16A840081AF7C /* Base */,
			);
			name = LaunchScreen.storyboard;
			sourceTree = "<group>";
		};
/* End PBXVariantGroup section */

/* Begin XCBuildConfiguration section */
		0413665F2E0136C60026514E /* Debug */ = {
			isa = XCBuildConfiguration;
			buildSettings = {
				BUNDLE_LOADER = "$(TEST_HOST)";
				CODE_SIGN_STYLE = Automatic;
				CURRENT_PROJECT_VERSION = 1;
				GENERATE_INFOPLIST_FILE = YES;
				IPHONEOS_DEPLOYMENT_TARGET = 15.0;
				MARKETING_VERSION = 1.0;
				PRODUCT_BUNDLE_IDENTIFIER = com.harvey.RoomReviewer.HomeTVCollectionViewCellReactorTests;
				PRODUCT_NAME = "$(TARGET_NAME)";
				SUPPORTED_PLATFORMS = "iphoneos iphonesimulator";
				SUPPORTS_MACCATALYST = NO;
				SUPPORTS_MAC_DESIGNED_FOR_IPHONE_IPAD = NO;
				SUPPORTS_XR_DESIGNED_FOR_IPHONE_IPAD = NO;
				SWIFT_EMIT_LOC_STRINGS = NO;
				SWIFT_VERSION = 5.0;
				TARGETED_DEVICE_FAMILY = 1;
				TEST_HOST = "$(BUILT_PRODUCTS_DIR)/RoomReviewer.app/$(BUNDLE_EXECUTABLE_FOLDER_PATH)/RoomReviewer";
			};
			name = Debug;
		};
		041366602E0136C60026514E /* Release */ = {
			isa = XCBuildConfiguration;
			buildSettings = {
				BUNDLE_LOADER = "$(TEST_HOST)";
				CODE_SIGN_STYLE = Automatic;
				CURRENT_PROJECT_VERSION = 1;
				GENERATE_INFOPLIST_FILE = YES;
				IPHONEOS_DEPLOYMENT_TARGET = 15.0;
				MARKETING_VERSION = 1.0;
				PRODUCT_BUNDLE_IDENTIFIER = com.harvey.RoomReviewer.HomeTVCollectionViewCellReactorTests;
				PRODUCT_NAME = "$(TARGET_NAME)";
				SUPPORTED_PLATFORMS = "iphoneos iphonesimulator";
				SUPPORTS_MACCATALYST = NO;
				SUPPORTS_MAC_DESIGNED_FOR_IPHONE_IPAD = NO;
				SUPPORTS_XR_DESIGNED_FOR_IPHONE_IPAD = NO;
				SWIFT_EMIT_LOC_STRINGS = NO;
				SWIFT_VERSION = 5.0;
				TARGETED_DEVICE_FAMILY = 1;
				TEST_HOST = "$(BUILT_PRODUCTS_DIR)/RoomReviewer.app/$(BUNDLE_EXECUTABLE_FOLDER_PATH)/RoomReviewer";
			};
			name = Release;
		};
		044952702E08257000D75C4A /* Debug */ = {
			isa = XCBuildConfiguration;
			buildSettings = {
				BUNDLE_LOADER = "$(TEST_HOST)";
				CODE_SIGN_STYLE = Automatic;
				CURRENT_PROJECT_VERSION = 1;
				GENERATE_INFOPLIST_FILE = YES;
				IPHONEOS_DEPLOYMENT_TARGET = 15.0;
				MARKETING_VERSION = 1.0;
				PRODUCT_BUNDLE_IDENTIFIER = com.harvey.RoomReviewer.HomeReactorLoadDataUnitTest;
				PRODUCT_NAME = "$(TARGET_NAME)";
				SUPPORTED_PLATFORMS = "iphoneos iphonesimulator";
				SUPPORTS_MACCATALYST = NO;
				SUPPORTS_MAC_DESIGNED_FOR_IPHONE_IPAD = NO;
				SUPPORTS_XR_DESIGNED_FOR_IPHONE_IPAD = NO;
				SWIFT_EMIT_LOC_STRINGS = NO;
				SWIFT_VERSION = 5.0;
				TARGETED_DEVICE_FAMILY = 1;
				TEST_HOST = "$(BUILT_PRODUCTS_DIR)/RoomReviewer.app/$(BUNDLE_EXECUTABLE_FOLDER_PATH)/RoomReviewer";
			};
			name = Debug;
		};
		044952712E08257000D75C4A /* Release */ = {
			isa = XCBuildConfiguration;
			buildSettings = {
				BUNDLE_LOADER = "$(TEST_HOST)";
				CODE_SIGN_STYLE = Automatic;
				CURRENT_PROJECT_VERSION = 1;
				GENERATE_INFOPLIST_FILE = YES;
				IPHONEOS_DEPLOYMENT_TARGET = 15.0;
				MARKETING_VERSION = 1.0;
				PRODUCT_BUNDLE_IDENTIFIER = com.harvey.RoomReviewer.HomeReactorLoadDataUnitTest;
				PRODUCT_NAME = "$(TARGET_NAME)";
				SUPPORTED_PLATFORMS = "iphoneos iphonesimulator";
				SUPPORTS_MACCATALYST = NO;
				SUPPORTS_MAC_DESIGNED_FOR_IPHONE_IPAD = NO;
				SUPPORTS_XR_DESIGNED_FOR_IPHONE_IPAD = NO;
				SWIFT_EMIT_LOC_STRINGS = NO;
				SWIFT_VERSION = 5.0;
				TARGETED_DEVICE_FAMILY = 1;
				TEST_HOST = "$(BUILT_PRODUCTS_DIR)/RoomReviewer.app/$(BUNDLE_EXECUTABLE_FOLDER_PATH)/RoomReviewer";
			};
			name = Release;
		};
		04B379362E51EA3E00C2F3EA /* Debug */ = {
			isa = XCBuildConfiguration;
			buildSettings = {
				BUNDLE_LOADER = "$(TEST_HOST)";
				CODE_SIGN_STYLE = Automatic;
				CURRENT_PROJECT_VERSION = 1;
				GENERATE_INFOPLIST_FILE = YES;
				IPHONEOS_DEPLOYMENT_TARGET = 15.0;
				MARKETING_VERSION = 1.0;
				PRODUCT_BUNDLE_IDENTIFIER = com.harvey.CoreDataManagerUnitTests;
				PRODUCT_NAME = "$(TARGET_NAME)";
				SUPPORTED_PLATFORMS = "iphoneos iphonesimulator";
				SUPPORTS_MACCATALYST = NO;
				SUPPORTS_MAC_DESIGNED_FOR_IPHONE_IPAD = NO;
				SUPPORTS_XR_DESIGNED_FOR_IPHONE_IPAD = NO;
				SWIFT_EMIT_LOC_STRINGS = NO;
				SWIFT_VERSION = 5.0;
				TARGETED_DEVICE_FAMILY = 1;
				TEST_HOST = "$(BUILT_PRODUCTS_DIR)/RoomReviewer.app/$(BUNDLE_EXECUTABLE_FOLDER_PATH)/RoomReviewer";
			};
			name = Debug;
		};
		04B379372E51EA3E00C2F3EA /* Release */ = {
			isa = XCBuildConfiguration;
			buildSettings = {
				BUNDLE_LOADER = "$(TEST_HOST)";
				CODE_SIGN_STYLE = Automatic;
				CURRENT_PROJECT_VERSION = 1;
				GENERATE_INFOPLIST_FILE = YES;
				IPHONEOS_DEPLOYMENT_TARGET = 15.0;
				MARKETING_VERSION = 1.0;
				PRODUCT_BUNDLE_IDENTIFIER = com.harvey.CoreDataManagerUnitTests;
				PRODUCT_NAME = "$(TARGET_NAME)";
				SUPPORTED_PLATFORMS = "iphoneos iphonesimulator";
				SUPPORTS_MACCATALYST = NO;
				SUPPORTS_MAC_DESIGNED_FOR_IPHONE_IPAD = NO;
				SUPPORTS_XR_DESIGNED_FOR_IPHONE_IPAD = NO;
				SWIFT_EMIT_LOC_STRINGS = NO;
				SWIFT_VERSION = 5.0;
				TARGETED_DEVICE_FAMILY = 1;
				TEST_HOST = "$(BUILT_PRODUCTS_DIR)/RoomReviewer.app/$(BUNDLE_EXECUTABLE_FOLDER_PATH)/RoomReviewer";
			};
			name = Release;
		};
		04FE6CAC2E59A6D600CCB76C /* Debug */ = {
			isa = XCBuildConfiguration;
			buildSettings = {
				BUNDLE_LOADER = "$(TEST_HOST)";
				CODE_SIGN_STYLE = Automatic;
				CURRENT_PROJECT_VERSION = 1;
				GENERATE_INFOPLIST_FILE = YES;
				IPHONEOS_DEPLOYMENT_TARGET = 15.0;
				MARKETING_VERSION = 1.0;
				PRODUCT_BUNDLE_IDENTIFIER = com.harvey.NetworkTransformMediaDetailTests;
				PRODUCT_NAME = "$(TARGET_NAME)";
				SUPPORTED_PLATFORMS = "iphoneos iphonesimulator";
				SUPPORTS_MACCATALYST = NO;
				SUPPORTS_MAC_DESIGNED_FOR_IPHONE_IPAD = NO;
				SUPPORTS_XR_DESIGNED_FOR_IPHONE_IPAD = NO;
				SWIFT_EMIT_LOC_STRINGS = NO;
				SWIFT_VERSION = 5.0;
				TARGETED_DEVICE_FAMILY = 1;
				TEST_HOST = "$(BUILT_PRODUCTS_DIR)/RoomReviewer.app/$(BUNDLE_EXECUTABLE_FOLDER_PATH)/RoomReviewer";
			};
			name = Debug;
		};
		04FE6CAD2E59A6D600CCB76C /* Release */ = {
			isa = XCBuildConfiguration;
			buildSettings = {
				BUNDLE_LOADER = "$(TEST_HOST)";
				CODE_SIGN_STYLE = Automatic;
				CURRENT_PROJECT_VERSION = 1;
				GENERATE_INFOPLIST_FILE = YES;
				IPHONEOS_DEPLOYMENT_TARGET = 15.0;
				MARKETING_VERSION = 1.0;
				PRODUCT_BUNDLE_IDENTIFIER = com.harvey.NetworkTransformMediaDetailTests;
				PRODUCT_NAME = "$(TARGET_NAME)";
				SUPPORTED_PLATFORMS = "iphoneos iphonesimulator";
				SUPPORTS_MACCATALYST = NO;
				SUPPORTS_MAC_DESIGNED_FOR_IPHONE_IPAD = NO;
				SUPPORTS_XR_DESIGNED_FOR_IPHONE_IPAD = NO;
				SWIFT_EMIT_LOC_STRINGS = NO;
				SWIFT_VERSION = 5.0;
				TARGETED_DEVICE_FAMILY = 1;
				TEST_HOST = "$(BUILT_PRODUCTS_DIR)/RoomReviewer.app/$(BUNDLE_EXECUTABLE_FOLDER_PATH)/RoomReviewer";
			};
			name = Release;
		};
		04FFC7BE2DF169D70081AF7C /* Debug */ = {
			isa = XCBuildConfiguration;
			buildSettings = {
				ASSETCATALOG_COMPILER_APPICON_NAME = AppIcon;
				ASSETCATALOG_COMPILER_GLOBAL_ACCENT_COLOR_NAME = AccentColor;
				CODE_SIGN_STYLE = Automatic;
				CURRENT_PROJECT_VERSION = 1;
				DEVELOPMENT_TEAM = "";
				GENERATE_INFOPLIST_FILE = YES;
				INFOPLIST_FILE = RoomReviewer/Info.plist;
				INFOPLIST_KEY_UIApplicationSupportsIndirectInputEvents = YES;
				INFOPLIST_KEY_UILaunchStoryboardName = LaunchScreen;
				INFOPLIST_KEY_UISupportedInterfaceOrientations = UIInterfaceOrientationPortrait;
				INFOPLIST_KEY_UISupportedInterfaceOrientations_iPad = "UIInterfaceOrientationLandscapeLeft UIInterfaceOrientationLandscapeRight UIInterfaceOrientationPortrait UIInterfaceOrientationPortraitUpsideDown";
				IPHONEOS_DEPLOYMENT_TARGET = 15.0;
				LD_RUNPATH_SEARCH_PATHS = (
					"$(inherited)",
					"@executable_path/Frameworks",
				);
				MARKETING_VERSION = 1.0;
				PRODUCT_BUNDLE_IDENTIFIER = com.harvey.RoomReviewer;
				PRODUCT_NAME = "$(TARGET_NAME)";
				SUPPORTED_PLATFORMS = "iphoneos iphonesimulator";
				SUPPORTS_MACCATALYST = NO;
				SUPPORTS_MAC_DESIGNED_FOR_IPHONE_IPAD = NO;
				SUPPORTS_XR_DESIGNED_FOR_IPHONE_IPAD = NO;
				SWIFT_EMIT_LOC_STRINGS = YES;
				SWIFT_VERSION = 5.0;
				TARGETED_DEVICE_FAMILY = 1;
			};
			name = Debug;
		};
		04FFC7BF2DF169D70081AF7C /* Release */ = {
			isa = XCBuildConfiguration;
			buildSettings = {
				ASSETCATALOG_COMPILER_APPICON_NAME = AppIcon;
				ASSETCATALOG_COMPILER_GLOBAL_ACCENT_COLOR_NAME = AccentColor;
				CODE_SIGN_STYLE = Automatic;
				CURRENT_PROJECT_VERSION = 1;
				DEVELOPMENT_TEAM = "";
				GENERATE_INFOPLIST_FILE = YES;
				INFOPLIST_FILE = RoomReviewer/Info.plist;
				INFOPLIST_KEY_UIApplicationSupportsIndirectInputEvents = YES;
				INFOPLIST_KEY_UILaunchStoryboardName = LaunchScreen;
				INFOPLIST_KEY_UISupportedInterfaceOrientations = UIInterfaceOrientationPortrait;
				INFOPLIST_KEY_UISupportedInterfaceOrientations_iPad = "UIInterfaceOrientationLandscapeLeft UIInterfaceOrientationLandscapeRight UIInterfaceOrientationPortrait UIInterfaceOrientationPortraitUpsideDown";
				IPHONEOS_DEPLOYMENT_TARGET = 15.0;
				LD_RUNPATH_SEARCH_PATHS = (
					"$(inherited)",
					"@executable_path/Frameworks",
				);
				MARKETING_VERSION = 1.0;
				PRODUCT_BUNDLE_IDENTIFIER = com.harvey.RoomReviewer;
				PRODUCT_NAME = "$(TARGET_NAME)";
				SUPPORTED_PLATFORMS = "iphoneos iphonesimulator";
				SUPPORTS_MACCATALYST = NO;
				SUPPORTS_MAC_DESIGNED_FOR_IPHONE_IPAD = NO;
				SUPPORTS_XR_DESIGNED_FOR_IPHONE_IPAD = NO;
				SWIFT_EMIT_LOC_STRINGS = YES;
				SWIFT_VERSION = 5.0;
				TARGETED_DEVICE_FAMILY = 1;
			};
			name = Release;
		};
		04FFC7C02DF169D70081AF7C /* Debug */ = {
			isa = XCBuildConfiguration;
			baseConfigurationReference = 04DCA89A2DF2D99200695361 /* API.xcconfig */;
			buildSettings = {
				ALWAYS_SEARCH_USER_PATHS = NO;
				ASSETCATALOG_COMPILER_GENERATE_SWIFT_ASSET_SYMBOL_EXTENSIONS = YES;
				CLANG_ANALYZER_NONNULL = YES;
				CLANG_ANALYZER_NUMBER_OBJECT_CONVERSION = YES_AGGRESSIVE;
				CLANG_CXX_LANGUAGE_STANDARD = "gnu++20";
				CLANG_ENABLE_MODULES = YES;
				CLANG_ENABLE_OBJC_ARC = YES;
				CLANG_ENABLE_OBJC_WEAK = YES;
				CLANG_WARN_BLOCK_CAPTURE_AUTORELEASING = YES;
				CLANG_WARN_BOOL_CONVERSION = YES;
				CLANG_WARN_COMMA = YES;
				CLANG_WARN_CONSTANT_CONVERSION = YES;
				CLANG_WARN_DEPRECATED_OBJC_IMPLEMENTATIONS = YES;
				CLANG_WARN_DIRECT_OBJC_ISA_USAGE = YES_ERROR;
				CLANG_WARN_DOCUMENTATION_COMMENTS = YES;
				CLANG_WARN_EMPTY_BODY = YES;
				CLANG_WARN_ENUM_CONVERSION = YES;
				CLANG_WARN_INFINITE_RECURSION = YES;
				CLANG_WARN_INT_CONVERSION = YES;
				CLANG_WARN_NON_LITERAL_NULL_CONVERSION = YES;
				CLANG_WARN_OBJC_IMPLICIT_RETAIN_SELF = YES;
				CLANG_WARN_OBJC_LITERAL_CONVERSION = YES;
				CLANG_WARN_OBJC_ROOT_CLASS = YES_ERROR;
				CLANG_WARN_QUOTED_INCLUDE_IN_FRAMEWORK_HEADER = YES;
				CLANG_WARN_RANGE_LOOP_ANALYSIS = YES;
				CLANG_WARN_STRICT_PROTOTYPES = YES;
				CLANG_WARN_SUSPICIOUS_MOVE = YES;
				CLANG_WARN_UNGUARDED_AVAILABILITY = YES_AGGRESSIVE;
				CLANG_WARN_UNREACHABLE_CODE = YES;
				CLANG_WARN__DUPLICATE_METHOD_MATCH = YES;
				COPY_PHASE_STRIP = NO;
				DEBUG_INFORMATION_FORMAT = dwarf;
				ENABLE_STRICT_OBJC_MSGSEND = YES;
				ENABLE_TESTABILITY = YES;
				ENABLE_USER_SCRIPT_SANDBOXING = YES;
				GCC_C_LANGUAGE_STANDARD = gnu17;
				GCC_DYNAMIC_NO_PIC = NO;
				GCC_NO_COMMON_BLOCKS = YES;
				GCC_OPTIMIZATION_LEVEL = 0;
				GCC_PREPROCESSOR_DEFINITIONS = (
					"DEBUG=1",
					"$(inherited)",
				);
				GCC_WARN_64_TO_32_BIT_CONVERSION = YES;
				GCC_WARN_ABOUT_RETURN_TYPE = YES_ERROR;
				GCC_WARN_UNDECLARED_SELECTOR = YES;
				GCC_WARN_UNINITIALIZED_AUTOS = YES_AGGRESSIVE;
				GCC_WARN_UNUSED_FUNCTION = YES;
				GCC_WARN_UNUSED_VARIABLE = YES;
				IPHONEOS_DEPLOYMENT_TARGET = 18.4;
				LOCALIZATION_PREFERS_STRING_CATALOGS = YES;
				MTL_ENABLE_DEBUG_INFO = INCLUDE_SOURCE;
				MTL_FAST_MATH = YES;
				ONLY_ACTIVE_ARCH = YES;
				SDKROOT = iphoneos;
				SWIFT_ACTIVE_COMPILATION_CONDITIONS = "DEBUG $(inherited)";
				SWIFT_OPTIMIZATION_LEVEL = "-Onone";
			};
			name = Debug;
		};
		04FFC7C12DF169D70081AF7C /* Release */ = {
			isa = XCBuildConfiguration;
			baseConfigurationReference = 04DCA89A2DF2D99200695361 /* API.xcconfig */;
			buildSettings = {
				ALWAYS_SEARCH_USER_PATHS = NO;
				ASSETCATALOG_COMPILER_GENERATE_SWIFT_ASSET_SYMBOL_EXTENSIONS = YES;
				CLANG_ANALYZER_NONNULL = YES;
				CLANG_ANALYZER_NUMBER_OBJECT_CONVERSION = YES_AGGRESSIVE;
				CLANG_CXX_LANGUAGE_STANDARD = "gnu++20";
				CLANG_ENABLE_MODULES = YES;
				CLANG_ENABLE_OBJC_ARC = YES;
				CLANG_ENABLE_OBJC_WEAK = YES;
				CLANG_WARN_BLOCK_CAPTURE_AUTORELEASING = YES;
				CLANG_WARN_BOOL_CONVERSION = YES;
				CLANG_WARN_COMMA = YES;
				CLANG_WARN_CONSTANT_CONVERSION = YES;
				CLANG_WARN_DEPRECATED_OBJC_IMPLEMENTATIONS = YES;
				CLANG_WARN_DIRECT_OBJC_ISA_USAGE = YES_ERROR;
				CLANG_WARN_DOCUMENTATION_COMMENTS = YES;
				CLANG_WARN_EMPTY_BODY = YES;
				CLANG_WARN_ENUM_CONVERSION = YES;
				CLANG_WARN_INFINITE_RECURSION = YES;
				CLANG_WARN_INT_CONVERSION = YES;
				CLANG_WARN_NON_LITERAL_NULL_CONVERSION = YES;
				CLANG_WARN_OBJC_IMPLICIT_RETAIN_SELF = YES;
				CLANG_WARN_OBJC_LITERAL_CONVERSION = YES;
				CLANG_WARN_OBJC_ROOT_CLASS = YES_ERROR;
				CLANG_WARN_QUOTED_INCLUDE_IN_FRAMEWORK_HEADER = YES;
				CLANG_WARN_RANGE_LOOP_ANALYSIS = YES;
				CLANG_WARN_STRICT_PROTOTYPES = YES;
				CLANG_WARN_SUSPICIOUS_MOVE = YES;
				CLANG_WARN_UNGUARDED_AVAILABILITY = YES_AGGRESSIVE;
				CLANG_WARN_UNREACHABLE_CODE = YES;
				CLANG_WARN__DUPLICATE_METHOD_MATCH = YES;
				COPY_PHASE_STRIP = NO;
				DEBUG_INFORMATION_FORMAT = "dwarf-with-dsym";
				ENABLE_NS_ASSERTIONS = NO;
				ENABLE_STRICT_OBJC_MSGSEND = YES;
				ENABLE_TESTABILITY = YES;
				ENABLE_USER_SCRIPT_SANDBOXING = YES;
				GCC_C_LANGUAGE_STANDARD = gnu17;
				GCC_NO_COMMON_BLOCKS = YES;
				GCC_WARN_64_TO_32_BIT_CONVERSION = YES;
				GCC_WARN_ABOUT_RETURN_TYPE = YES_ERROR;
				GCC_WARN_UNDECLARED_SELECTOR = YES;
				GCC_WARN_UNINITIALIZED_AUTOS = YES_AGGRESSIVE;
				GCC_WARN_UNUSED_FUNCTION = YES;
				GCC_WARN_UNUSED_VARIABLE = YES;
				IPHONEOS_DEPLOYMENT_TARGET = 18.4;
				LOCALIZATION_PREFERS_STRING_CATALOGS = YES;
				MTL_ENABLE_DEBUG_INFO = NO;
				MTL_FAST_MATH = YES;
				SDKROOT = iphoneos;
				SWIFT_COMPILATION_MODE = wholemodule;
				VALIDATE_PRODUCT = YES;
			};
			name = Release;
		};
/* End XCBuildConfiguration section */

/* Begin XCConfigurationList section */
		0413665E2E0136C60026514E /* Build configuration list for PBXNativeTarget "HomeTVCollectionViewCellReactorTests" */ = {
			isa = XCConfigurationList;
			buildConfigurations = (
				0413665F2E0136C60026514E /* Debug */,
				041366602E0136C60026514E /* Release */,
			);
			defaultConfigurationIsVisible = 0;
			defaultConfigurationName = Release;
		};
		0449526F2E08257000D75C4A /* Build configuration list for PBXNativeTarget "HomeReactorLoadDataUnitTest" */ = {
			isa = XCConfigurationList;
			buildConfigurations = (
				044952702E08257000D75C4A /* Debug */,
				044952712E08257000D75C4A /* Release */,
			);
			defaultConfigurationIsVisible = 0;
			defaultConfigurationName = Release;
		};
		04B379352E51EA3E00C2F3EA /* Build configuration list for PBXNativeTarget "CoreDataManagerUnitTests" */ = {
			isa = XCConfigurationList;
			buildConfigurations = (
				04B379362E51EA3E00C2F3EA /* Debug */,
				04B379372E51EA3E00C2F3EA /* Release */,
			);
			defaultConfigurationIsVisible = 0;
			defaultConfigurationName = Release;
		};
		04FE6CAB2E59A6D600CCB76C /* Build configuration list for PBXNativeTarget "NetworkTransformMediaDetailTests" */ = {
			isa = XCConfigurationList;
			buildConfigurations = (
				04FE6CAC2E59A6D600CCB76C /* Debug */,
				04FE6CAD2E59A6D600CCB76C /* Release */,
			);
			defaultConfigurationIsVisible = 0;
			defaultConfigurationName = Release;
		};
		04FFC7A52DF169D60081AF7C /* Build configuration list for PBXProject "RoomReviewer" */ = {
			isa = XCConfigurationList;
			buildConfigurations = (
				04FFC7C02DF169D70081AF7C /* Debug */,
				04FFC7C12DF169D70081AF7C /* Release */,
			);
			defaultConfigurationIsVisible = 0;
			defaultConfigurationName = Release;
		};
		04FFC7BD2DF169D70081AF7C /* Build configuration list for PBXNativeTarget "RoomReviewer" */ = {
			isa = XCConfigurationList;
			buildConfigurations = (
				04FFC7BE2DF169D70081AF7C /* Debug */,
				04FFC7BF2DF169D70081AF7C /* Release */,
			);
			defaultConfigurationIsVisible = 0;
			defaultConfigurationName = Release;
		};
/* End XCConfigurationList section */

/* Begin XCRemoteSwiftPackageReference section */
		043BB04E2DFD5EE000E5438D /* XCRemoteSwiftPackageReference "RxSwift" */ = {
			isa = XCRemoteSwiftPackageReference;
			repositoryURL = "https://github.com/ReactiveX/RxSwift.git";
			requirement = {
				kind = upToNextMajorVersion;
				minimumVersion = 6.9.0;
			};
		};
		044952572E08169D00D75C4A /* XCRemoteSwiftPackageReference "RxDataSources" */ = {
			isa = XCRemoteSwiftPackageReference;
			repositoryURL = "https://github.com/RxSwiftCommunity/RxDataSources.git";
			requirement = {
				kind = upToNextMajorVersion;
				minimumVersion = 5.0.2;
			};
		};
		04DCA88C2DF2D78500695361 /* XCRemoteSwiftPackageReference "SnapKit" */ = {
			isa = XCRemoteSwiftPackageReference;
			repositoryURL = "https://github.com/SnapKit/SnapKit.git";
			requirement = {
				kind = upToNextMajorVersion;
				minimumVersion = 5.7.1;
			};
		};
		04DCA88F2DF2D78A00695361 /* XCRemoteSwiftPackageReference "ReactorKit" */ = {
			isa = XCRemoteSwiftPackageReference;
			repositoryURL = "https://github.com/ReactorKit/ReactorKit.git";
			requirement = {
				kind = upToNextMajorVersion;
				minimumVersion = 3.2.0;
			};
		};
		04DCA8922DF2D78F00695361 /* XCRemoteSwiftPackageReference "Then" */ = {
			isa = XCRemoteSwiftPackageReference;
			repositoryURL = "https://github.com/devxoul/Then.git";
			requirement = {
				kind = upToNextMajorVersion;
				minimumVersion = 3.0.0;
			};
		};
/* End XCRemoteSwiftPackageReference section */

/* Begin XCSwiftPackageProductDependency section */
		041366642E0138D40026514E /* ReactorKit */ = {
			isa = XCSwiftPackageProductDependency;
			package = 04DCA88F2DF2D78A00695361 /* XCRemoteSwiftPackageReference "ReactorKit" */;
			productName = ReactorKit;
		};
		041366662E0138D40026514E /* RxBlocking */ = {
			isa = XCSwiftPackageProductDependency;
			package = 043BB04E2DFD5EE000E5438D /* XCRemoteSwiftPackageReference "RxSwift" */;
			productName = RxBlocking;
		};
		041366682E0138D40026514E /* RxSwift */ = {
			isa = XCSwiftPackageProductDependency;
			package = 043BB04E2DFD5EE000E5438D /* XCRemoteSwiftPackageReference "RxSwift" */;
			productName = RxSwift;
		};
		0413666A2E0139250026514E /* RxTest */ = {
			isa = XCSwiftPackageProductDependency;
			package = 043BB04E2DFD5EE000E5438D /* XCRemoteSwiftPackageReference "RxSwift" */;
			productName = RxTest;
		};
		0413666C2E0139920026514E /* RxCocoa */ = {
			isa = XCSwiftPackageProductDependency;
			package = 043BB04E2DFD5EE000E5438D /* XCRemoteSwiftPackageReference "RxSwift" */;
			productName = RxCocoa;
		};
		043BB04F2DFD5EE000E5438D /* RxBlocking */ = {
			isa = XCSwiftPackageProductDependency;
			package = 043BB04E2DFD5EE000E5438D /* XCRemoteSwiftPackageReference "RxSwift" */;
			productName = RxBlocking;
		};
		043BB0512DFD5EE000E5438D /* RxCocoa */ = {
			isa = XCSwiftPackageProductDependency;
			package = 043BB04E2DFD5EE000E5438D /* XCRemoteSwiftPackageReference "RxSwift" */;
			productName = RxCocoa;
		};
		043BB0532DFD5EE000E5438D /* RxSwift */ = {
			isa = XCSwiftPackageProductDependency;
			package = 043BB04E2DFD5EE000E5438D /* XCRemoteSwiftPackageReference "RxSwift" */;
			productName = RxSwift;
		};
		044952582E08169D00D75C4A /* Differentiator */ = {
			isa = XCSwiftPackageProductDependency;
			package = 044952572E08169D00D75C4A /* XCRemoteSwiftPackageReference "RxDataSources" */;
			productName = Differentiator;
		};
		0449525A2E08169D00D75C4A /* RxDataSources */ = {
			isa = XCSwiftPackageProductDependency;
			package = 044952572E08169D00D75C4A /* XCRemoteSwiftPackageReference "RxDataSources" */;
			productName = RxDataSources;
		};
		044952752E082A1500D75C4A /* ReactorKit */ = {
			isa = XCSwiftPackageProductDependency;
			package = 04DCA88F2DF2D78A00695361 /* XCRemoteSwiftPackageReference "ReactorKit" */;
			productName = ReactorKit;
		};
		044952772E082A1500D75C4A /* RxBlocking */ = {
			isa = XCSwiftPackageProductDependency;
			package = 043BB04E2DFD5EE000E5438D /* XCRemoteSwiftPackageReference "RxSwift" */;
			productName = RxBlocking;
		};
		044952792E082A1500D75C4A /* RxCocoa */ = {
			isa = XCSwiftPackageProductDependency;
			package = 043BB04E2DFD5EE000E5438D /* XCRemoteSwiftPackageReference "RxSwift" */;
			productName = RxCocoa;
		};
		0449527D2E082A1500D75C4A /* RxSwift */ = {
			isa = XCSwiftPackageProductDependency;
			package = 043BB04E2DFD5EE000E5438D /* XCRemoteSwiftPackageReference "RxSwift" */;
			productName = RxSwift;
		};
		0449527F2E082A1500D75C4A /* RxTest */ = {
			isa = XCSwiftPackageProductDependency;
			package = 043BB04E2DFD5EE000E5438D /* XCRemoteSwiftPackageReference "RxSwift" */;
			productName = RxTest;
		};
		04B379442E51EB0000C2F3EA /* ReactorKit */ = {
			isa = XCSwiftPackageProductDependency;
			package = 04DCA88F2DF2D78A00695361 /* XCRemoteSwiftPackageReference "ReactorKit" */;
			productName = ReactorKit;
		};
		04B379462E51EB0000C2F3EA /* RxBlocking */ = {
			isa = XCSwiftPackageProductDependency;
			package = 043BB04E2DFD5EE000E5438D /* XCRemoteSwiftPackageReference "RxSwift" */;
			productName = RxBlocking;
		};
		04B379482E51EB0000C2F3EA /* RxCocoa */ = {
			isa = XCSwiftPackageProductDependency;
			package = 043BB04E2DFD5EE000E5438D /* XCRemoteSwiftPackageReference "RxSwift" */;
			productName = RxCocoa;
		};
		04B3794C2E51EB0000C2F3EA /* RxSwift */ = {
			isa = XCSwiftPackageProductDependency;
			package = 043BB04E2DFD5EE000E5438D /* XCRemoteSwiftPackageReference "RxSwift" */;
			productName = RxSwift;
		};
		04DCA88D2DF2D78500695361 /* SnapKit */ = {
			isa = XCSwiftPackageProductDependency;
			package = 04DCA88C2DF2D78500695361 /* XCRemoteSwiftPackageReference "SnapKit" */;
			productName = SnapKit;
		};
		04DCA8902DF2D78A00695361 /* ReactorKit */ = {
			isa = XCSwiftPackageProductDependency;
			package = 04DCA88F2DF2D78A00695361 /* XCRemoteSwiftPackageReference "ReactorKit" */;
			productName = ReactorKit;
		};
		04DCA8932DF2D78F00695361 /* Then */ = {
			isa = XCSwiftPackageProductDependency;
			package = 04DCA8922DF2D78F00695361 /* XCRemoteSwiftPackageReference "Then" */;
			productName = Then;
		};
		04EE311A2E59AA32009CA1BC /* RxCocoa */ = {
			isa = XCSwiftPackageProductDependency;
			package = 043BB04E2DFD5EE000E5438D /* XCRemoteSwiftPackageReference "RxSwift" */;
			productName = RxCocoa;
		};
		04EE311E2E59AA32009CA1BC /* RxSwift */ = {
			isa = XCSwiftPackageProductDependency;
			package = 043BB04E2DFD5EE000E5438D /* XCRemoteSwiftPackageReference "RxSwift" */;
			productName = RxSwift;
		};
/* End XCSwiftPackageProductDependency section */

/* Begin XCVersionGroup section */
		046EFB462E56E0A200E2736B /* RoomReviewerEntity.xcdatamodeld */ = {
			isa = XCVersionGroup;
			children = (
				046EFB472E56E0A200E2736B /* RoomReviewerEntity.xcdatamodel */,
			);
			currentVersion = 046EFB472E56E0A200E2736B /* RoomReviewerEntity.xcdatamodel */;
			path = RoomReviewerEntity.xcdatamodeld;
			sourceTree = "<group>";
			versionGroupType = wrapper.xcdatamodel;
		};
/* End XCVersionGroup section */
	};
	rootObject = 04FFC7A22DF169D60081AF7C /* Project object */;
}
